
Microsoft Visual Studio Solution File, Format Version 12.00
# Visual Studio Version 17
VisualStudioVersion = 17.4.33205.214
MinimumVisualStudioVersion = 10.0.40219.1
Project("{FAE04EC0-301F-11D3-BF4B-00C04F79EFBC}") = "characterCounter_Array", "characterCounter_Array\characterCounter_Array.csproj", "{E14EA633-9D27-43C0-96E1-5C780FBA7BCC}"
EndProject
Project("{FAE04EC0-301F-11D3-BF4B-00C04F79EFBC}") = "ASCIIobject", "ASCIIobject\ASCIIobject.csproj", "{3ACD8F42-389D-46BD-91BA-FD4C2C949275}"
EndProject
Global
	GlobalSection(SolutionConfigurationPlatforms) = preSolution
		Debug|Any CPU = Debug|Any CPU
		Release|Any CPU = Release|Any CPU
	EndGlobalSection
	GlobalSection(ProjectConfigurationPlatforms) = postSolution
		{E14EA633-9D27-43C0-96E1-5C780FBA7BCC}.Debug|Any CPU.ActiveCfg = Debug|Any CPU
		{E14EA633-9D27-43C0-96E1-5C780FBA7BCC}.Debug|Any CPU.Build.0 = Debug|Any CPU
		{E14EA633-9D27-43C0-96E1-5C780FBA7BCC}.Release|Any CPU.ActiveCfg = Release|Any CPU
		{E14EA633-9D27-43C0-96E1-5C780FBA7BCC}.Release|Any CPU.Build.0 = Release|Any CPU
		{3ACD8F42-389D-46BD-91BA-FD4C2C949275}.Debug|Any CPU.ActiveCfg = Debug|Any CPU
		{3ACD8F42-389D-46BD-91BA-FD4C2C949275}.Debug|Any CPU.Build.0 = Debug|Any CPU
		{3ACD8F42-389D-46BD-91BA-FD4C2C949275}.Release|Any CPU.ActiveCfg = Release|Any CPU
		{3ACD8F42-389D-46BD-91BA-FD4C2C949275}.Release|Any CPU.Build.0 = Release|Any CPU
	EndGlobalSection
	GlobalSection(SolutionProperties) = preSolution
		HideSolutionNode = FALSE
	EndGlobalSection
	GlobalSection(ExtensibilityGlobals) = postSolution
		SolutionGuid = {AC1E07E1-BCB1-4A17-AFCE-5F6317A3D17C}
	EndGlobalSection
EndGlobal
